// !$*UTF8*$!
{
	archiveVersion = 1;
	classes = {
	};
	objectVersion = 46;
	objects = {

/* Begin PBXBuildFile section */
		73E26CB8B4D5A11E846383FB /* Pods_PVMARKET.framework in Frameworks */ = {isa = PBXBuildFile; fileRef = 943EADECFFC47165DAE12309 /* Pods_PVMARKET.framework */; };
		990FF4E11D10DBD600FA4772 /* saleWebViewController.swift in Sources */ = {isa = PBXBuildFile; fileRef = 990FF4E01D10DBD600FA4772 /* saleWebViewController.swift */; };
		99A2372E1D0E825400EA8D9D /* SaleTableCellTableViewCell.swift in Sources */ = {isa = PBXBuildFile; fileRef = 99A2372D1D0E825400EA8D9D /* SaleTableCellTableViewCell.swift */; };
		99A237301D0E82A100EA8D9D /* SaleTableDetailViewController.swift in Sources */ = {isa = PBXBuildFile; fileRef = 99A2372F1D0E82A100EA8D9D /* SaleTableDetailViewController.swift */; };
		99B8916B1D0E7A0600965F39 /* DataURL.swift in Sources */ = {isa = PBXBuildFile; fileRef = 99B8916A1D0E7A0600965F39 /* DataURL.swift */; };
		99BAE8B81D0F985E005E1CCD /* ConvertFunctions.swift in Sources */ = {isa = PBXBuildFile; fileRef = 99BAE8B71D0F985E005E1CCD /* ConvertFunctions.swift */; };
		99F37D231D0555140014A608 /* MessageUI.framework in Frameworks */ = {isa = PBXBuildFile; fileRef = 99F37D221D0555140014A608 /* MessageUI.framework */; };
		EE3F78AF1CF2CB2700C30BBF /* AppDelegate.swift in Sources */ = {isa = PBXBuildFile; fileRef = EE3F78AE1CF2CB2700C30BBF /* AppDelegate.swift */; };
		EE3F78B31CF2CB2700C30BBF /* SecondViewController.swift in Sources */ = {isa = PBXBuildFile; fileRef = EE3F78B21CF2CB2700C30BBF /* SecondViewController.swift */; };
		EE3F78B81CF2CB2700C30BBF /* Images.xcassets in Resources */ = {isa = PBXBuildFile; fileRef = EE3F78B71CF2CB2700C30BBF /* Images.xcassets */; };
		EE3F78BB1CF2CB2700C30BBF /* LaunchScreen.xib in Resources */ = {isa = PBXBuildFile; fileRef = EE3F78B91CF2CB2700C30BBF /* LaunchScreen.xib */; };
		EE3F78C71CF2CB2700C30BBF /* PVMARKETTests.swift in Sources */ = {isa = PBXBuildFile; fileRef = EE3F78C61CF2CB2700C30BBF /* PVMARKETTests.swift */; };
		EE6C82B51CF3D90700D505B5 /* RentTableCellTableViewCell.swift in Sources */ = {isa = PBXBuildFile; fileRef = EE6C82B41CF3D90700D505B5 /* RentTableCellTableViewCell.swift */; };
		EE708D6E1CF2F751000EFC87 /* RentViewController.swift in Sources */ = {isa = PBXBuildFile; fileRef = EE708D6D1CF2F751000EFC87 /* RentViewController.swift */; };
		EE708D701CF2F75E000EFC87 /* SaleViewController.swift in Sources */ = {isa = PBXBuildFile; fileRef = EE708D6F1CF2F75E000EFC87 /* SaleViewController.swift */; };
		EE708D721CF2F774000EFC87 /* SelfViewController.swift in Sources */ = {isa = PBXBuildFile; fileRef = EE708D711CF2F774000EFC87 /* SelfViewController.swift */; };
		EE708D741CF2F77E000EFC87 /* CalcViewController.swift in Sources */ = {isa = PBXBuildFile; fileRef = EE708D731CF2F77E000EFC87 /* CalcViewController.swift */; };
		EE95DCDC1CF2E408007B386F /* HomeViewController.swift in Sources */ = {isa = PBXBuildFile; fileRef = EE95DCDB1CF2E408007B386F /* HomeViewController.swift */; };
		EEB6CF611CF5926A004E0A3A /* RentData.swift in Sources */ = {isa = PBXBuildFile; fileRef = EEB6CF601CF5926A004E0A3A /* RentData.swift */; };
		EEB6CF631CF59927004E0A3A /* RentTableDetailViewController.swift in Sources */ = {isa = PBXBuildFile; fileRef = EEB6CF621CF59927004E0A3A /* RentTableDetailViewController.swift */; };
		EEB6CF661CF5A287004E0A3A /* Main.storyboard in Resources */ = {isa = PBXBuildFile; fileRef = EEB6CF641CF5A287004E0A3A /* Main.storyboard */; };
/* End PBXBuildFile section */

/* Begin PBXContainerItemProxy section */
		EE3F78C11CF2CB2700C30BBF /* PBXContainerItemProxy */ = {
			isa = PBXContainerItemProxy;
			containerPortal = EE3F78A11CF2CB2700C30BBF /* Project object */;
			proxyType = 1;
			remoteGlobalIDString = EE3F78A81CF2CB2700C30BBF;
			remoteInfo = PVMARKET;
		};
/* End PBXContainerItemProxy section */

/* Begin PBXFileReference section */
		943EADECFFC47165DAE12309 /* Pods_PVMARKET.framework */ = {isa = PBXFileReference; explicitFileType = wrapper.framework; includeInIndex = 0; path = Pods_PVMARKET.framework; sourceTree = BUILT_PRODUCTS_DIR; };
		990FF4E01D10DBD600FA4772 /* saleWebViewController.swift */ = {isa = PBXFileReference; fileEncoding = 4; lastKnownFileType = sourcecode.swift; path = saleWebViewController.swift; sourceTree = "<group>"; };
		99A2372D1D0E825400EA8D9D /* SaleTableCellTableViewCell.swift */ = {isa = PBXFileReference; fileEncoding = 4; lastKnownFileType = sourcecode.swift; path = SaleTableCellTableViewCell.swift; sourceTree = "<group>"; };
		99A2372F1D0E82A100EA8D9D /* SaleTableDetailViewController.swift */ = {isa = PBXFileReference; fileEncoding = 4; lastKnownFileType = sourcecode.swift; path = SaleTableDetailViewController.swift; sourceTree = "<group>"; };
		99B8916A1D0E7A0600965F39 /* DataURL.swift */ = {isa = PBXFileReference; fileEncoding = 4; lastKnownFileType = sourcecode.swift; path = DataURL.swift; sourceTree = "<group>"; };
		99BAE8B71D0F985E005E1CCD /* ConvertFunctions.swift */ = {isa = PBXFileReference; fileEncoding = 4; lastKnownFileType = sourcecode.swift; path = ConvertFunctions.swift; sourceTree = "<group>"; };
		99F37D221D0555140014A608 /* MessageUI.framework */ = {isa = PBXFileReference; lastKnownFileType = wrapper.framework; name = MessageUI.framework; path = System/Library/Frameworks/MessageUI.framework; sourceTree = SDKROOT; };
		B439842EA9C1FD3FC431DF21 /* Pods-PVMARKET.debug.xcconfig */ = {isa = PBXFileReference; includeInIndex = 1; lastKnownFileType = text.xcconfig; name = "Pods-PVMARKET.debug.xcconfig"; path = "Pods/Target Support Files/Pods-PVMARKET/Pods-PVMARKET.debug.xcconfig"; sourceTree = "<group>"; };
		BB85FBBAEEF9C75B256ECC51 /* Pods-PVMARKET.release.xcconfig */ = {isa = PBXFileReference; includeInIndex = 1; lastKnownFileType = text.xcconfig; name = "Pods-PVMARKET.release.xcconfig"; path = "Pods/Target Support Files/Pods-PVMARKET/Pods-PVMARKET.release.xcconfig"; sourceTree = "<group>"; };
		EE3F78A91CF2CB2700C30BBF /* PVMARKET.app */ = {isa = PBXFileReference; explicitFileType = wrapper.application; includeInIndex = 0; path = PVMARKET.app; sourceTree = BUILT_PRODUCTS_DIR; };
		EE3F78AD1CF2CB2700C30BBF /* Info.plist */ = {isa = PBXFileReference; lastKnownFileType = text.plist.xml; path = Info.plist; sourceTree = "<group>"; };
		EE3F78AE1CF2CB2700C30BBF /* AppDelegate.swift */ = {isa = PBXFileReference; lastKnownFileType = sourcecode.swift; path = AppDelegate.swift; sourceTree = "<group>"; };
		EE3F78B21CF2CB2700C30BBF /* SecondViewController.swift */ = {isa = PBXFileReference; lastKnownFileType = sourcecode.swift; path = SecondViewController.swift; sourceTree = "<group>"; };
		EE3F78B71CF2CB2700C30BBF /* Images.xcassets */ = {isa = PBXFileReference; lastKnownFileType = folder.assetcatalog; path = Images.xcassets; sourceTree = "<group>"; };
		EE3F78BA1CF2CB2700C30BBF /* Base */ = {isa = PBXFileReference; lastKnownFileType = file.xib; name = Base; path = Base.lproj/LaunchScreen.xib; sourceTree = "<group>"; };
		EE3F78C01CF2CB2700C30BBF /* PVMARKETTests.xctest */ = {isa = PBXFileReference; explicitFileType = wrapper.cfbundle; includeInIndex = 0; path = PVMARKETTests.xctest; sourceTree = BUILT_PRODUCTS_DIR; };
		EE3F78C51CF2CB2700C30BBF /* Info.plist */ = {isa = PBXFileReference; lastKnownFileType = text.plist.xml; path = Info.plist; sourceTree = "<group>"; };
		EE3F78C61CF2CB2700C30BBF /* PVMARKETTests.swift */ = {isa = PBXFileReference; lastKnownFileType = sourcecode.swift; path = PVMARKETTests.swift; sourceTree = "<group>"; };
		EE6C82B41CF3D90700D505B5 /* RentTableCellTableViewCell.swift */ = {isa = PBXFileReference; fileEncoding = 4; lastKnownFileType = sourcecode.swift; path = RentTableCellTableViewCell.swift; sourceTree = "<group>"; };
		EE708D6D1CF2F751000EFC87 /* RentViewController.swift */ = {isa = PBXFileReference; fileEncoding = 4; lastKnownFileType = sourcecode.swift; path = RentViewController.swift; sourceTree = "<group>"; };
		EE708D6F1CF2F75E000EFC87 /* SaleViewController.swift */ = {isa = PBXFileReference; fileEncoding = 4; lastKnownFileType = sourcecode.swift; path = SaleViewController.swift; sourceTree = "<group>"; };
		EE708D711CF2F774000EFC87 /* SelfViewController.swift */ = {isa = PBXFileReference; fileEncoding = 4; lastKnownFileType = sourcecode.swift; path = SelfViewController.swift; sourceTree = "<group>"; };
		EE708D731CF2F77E000EFC87 /* CalcViewController.swift */ = {isa = PBXFileReference; fileEncoding = 4; lastKnownFileType = sourcecode.swift; path = CalcViewController.swift; sourceTree = "<group>"; };
		EE95DCDB1CF2E408007B386F /* HomeViewController.swift */ = {isa = PBXFileReference; fileEncoding = 4; lastKnownFileType = sourcecode.swift; path = HomeViewController.swift; sourceTree = "<group>"; };
		EEB6CF601CF5926A004E0A3A /* RentData.swift */ = {isa = PBXFileReference; fileEncoding = 4; lastKnownFileType = sourcecode.swift; path = RentData.swift; sourceTree = "<group>"; };
		EEB6CF621CF59927004E0A3A /* RentTableDetailViewController.swift */ = {isa = PBXFileReference; fileEncoding = 4; lastKnownFileType = sourcecode.swift; path = RentTableDetailViewController.swift; sourceTree = "<group>"; };
		EEB6CF651CF5A287004E0A3A /* Base */ = {isa = PBXFileReference; lastKnownFileType = file.storyboard; name = Base; path = Base.lproj/Main.storyboard; sourceTree = "<group>"; };
/* End PBXFileReference section */

/* Begin PBXFrameworksBuildPhase section */
		EE3F78A61CF2CB2700C30BBF /* Frameworks */ = {
			isa = PBXFrameworksBuildPhase;
			buildActionMask = 2147483647;
			files = (
				99F37D231D0555140014A608 /* MessageUI.framework in Frameworks */,
				73E26CB8B4D5A11E846383FB /* Pods_PVMARKET.framework in Frameworks */,
			);
			runOnlyForDeploymentPostprocessing = 0;
		};
		EE3F78BD1CF2CB2700C30BBF /* Frameworks */ = {
			isa = PBXFrameworksBuildPhase;
			buildActionMask = 2147483647;
			files = (
			);
			runOnlyForDeploymentPostprocessing = 0;
		};
/* End PBXFrameworksBuildPhase section */

/* Begin PBXGroup section */
		821F29F9634B0F561D0C5086 /* Frameworks */ = {
			isa = PBXGroup;
			children = (
				943EADECFFC47165DAE12309 /* Pods_PVMARKET.framework */,
			);
			name = Frameworks;
			sourceTree = "<group>";
		};
		99A2372C1D0E81B400EA8D9D /* Sale Group */ = {
			isa = PBXGroup;
			children = (
				EE708D6F1CF2F75E000EFC87 /* SaleViewController.swift */,
				99A2372D1D0E825400EA8D9D /* SaleTableCellTableViewCell.swift */,
				99A2372F1D0E82A100EA8D9D /* SaleTableDetailViewController.swift */,
				990FF4E01D10DBD600FA4772 /* saleWebViewController.swift */,
			);
			name = "Sale Group";
			sourceTree = "<group>";
		};
		A7F1C47DAF22898A8F7D4C44 /* Pods */ = {
			isa = PBXGroup;
			children = (
				B439842EA9C1FD3FC431DF21 /* Pods-PVMARKET.debug.xcconfig */,
				BB85FBBAEEF9C75B256ECC51 /* Pods-PVMARKET.release.xcconfig */,
			);
			name = Pods;
			sourceTree = "<group>";
		};
		EE102D1E1CF67B41008ED38D /* Rent Group */ = {
			isa = PBXGroup;
			children = (
				EE708D6D1CF2F751000EFC87 /* RentViewController.swift */,
				EE6C82B41CF3D90700D505B5 /* RentTableCellTableViewCell.swift */,
				EEB6CF621CF59927004E0A3A /* RentTableDetailViewController.swift */,
				EEB6CF601CF5926A004E0A3A /* RentData.swift */,
			);
			name = "Rent Group";
			sourceTree = "<group>";
		};
		EE3F78A01CF2CB2700C30BBF = {
			isa = PBXGroup;
			children = (
				99F37D221D0555140014A608 /* MessageUI.framework */,
				EE3F78AB1CF2CB2700C30BBF /* PVMARKET */,
				EE3F78C31CF2CB2700C30BBF /* PVMARKETTests */,
				EE3F78AA1CF2CB2700C30BBF /* Products */,
				A7F1C47DAF22898A8F7D4C44 /* Pods */,
				821F29F9634B0F561D0C5086 /* Frameworks */,
			);
			sourceTree = "<group>";
		};
		EE3F78AA1CF2CB2700C30BBF /* Products */ = {
			isa = PBXGroup;
			children = (
				EE3F78A91CF2CB2700C30BBF /* PVMARKET.app */,
				EE3F78C01CF2CB2700C30BBF /* PVMARKETTests.xctest */,
			);
			name = Products;
			sourceTree = "<group>";
		};
		EE3F78AB1CF2CB2700C30BBF /* PVMARKET */ = {
			isa = PBXGroup;
			children = (
				99A2372C1D0E81B400EA8D9D /* Sale Group */,
				EE102D1E1CF67B41008ED38D /* Rent Group */,
				EE3F78AE1CF2CB2700C30BBF /* AppDelegate.swift */,
				EE95DCDB1CF2E408007B386F /* HomeViewController.swift */,
				EE3F78B21CF2CB2700C30BBF /* SecondViewController.swift */,
				EE708D711CF2F774000EFC87 /* SelfViewController.swift */,
				EEB6CF641CF5A287004E0A3A /* Main.storyboard */,
				EE708D731CF2F77E000EFC87 /* CalcViewController.swift */,
				99B8916A1D0E7A0600965F39 /* DataURL.swift */,
				EE3F78B71CF2CB2700C30BBF /* Images.xcassets */,
				EE3F78B91CF2CB2700C30BBF /* LaunchScreen.xib */,
				99BAE8B71D0F985E005E1CCD /* ConvertFunctions.swift */,
				EE3F78AC1CF2CB2700C30BBF /* Supporting Files */,
			);
			path = PVMARKET;
			sourceTree = "<group>";
		};
		EE3F78AC1CF2CB2700C30BBF /* Supporting Files */ = {
			isa = PBXGroup;
			children = (
				EE3F78AD1CF2CB2700C30BBF /* Info.plist */,
			);
			name = "Supporting Files";
			sourceTree = "<group>";
		};
		EE3F78C31CF2CB2700C30BBF /* PVMARKETTests */ = {
			isa = PBXGroup;
			children = (
				EE3F78C61CF2CB2700C30BBF /* PVMARKETTests.swift */,
				EE3F78C41CF2CB2700C30BBF /* Supporting Files */,
			);
			path = PVMARKETTests;
			sourceTree = "<group>";
		};
		EE3F78C41CF2CB2700C30BBF /* Supporting Files */ = {
			isa = PBXGroup;
			children = (
				EE3F78C51CF2CB2700C30BBF /* Info.plist */,
			);
			name = "Supporting Files";
			sourceTree = "<group>";
		};
/* End PBXGroup section */

/* Begin PBXNativeTarget section */
		EE3F78A81CF2CB2700C30BBF /* PVMARKET */ = {
			isa = PBXNativeTarget;
			buildConfigurationList = EE3F78CA1CF2CB2700C30BBF /* Build configuration list for PBXNativeTarget "PVMARKET" */;
			buildPhases = (
				6DADE359E1A4D344D935C351 /* [CP] Check Pods Manifest.lock */,
				EE3F78A51CF2CB2700C30BBF /* Sources */,
				EE3F78A61CF2CB2700C30BBF /* Frameworks */,
				EE3F78A71CF2CB2700C30BBF /* Resources */,
				675387C44996B05C72FD31D5 /* [CP] Embed Pods Frameworks */,
				596F130A286A1A6BCD3292F9 /* [CP] Copy Pods Resources */,
			);
			buildRules = (
			);
			dependencies = (
			);
			name = PVMARKET;
			productName = PVMARKET;
			productReference = EE3F78A91CF2CB2700C30BBF /* PVMARKET.app */;
			productType = "com.apple.product-type.application";
		};
		EE3F78BF1CF2CB2700C30BBF /* PVMARKETTests */ = {
			isa = PBXNativeTarget;
			buildConfigurationList = EE3F78CD1CF2CB2700C30BBF /* Build configuration list for PBXNativeTarget "PVMARKETTests" */;
			buildPhases = (
				EE3F78BC1CF2CB2700C30BBF /* Sources */,
				EE3F78BD1CF2CB2700C30BBF /* Frameworks */,
				EE3F78BE1CF2CB2700C30BBF /* Resources */,
			);
			buildRules = (
			);
			dependencies = (
				EE3F78C21CF2CB2700C30BBF /* PBXTargetDependency */,
			);
			name = PVMARKETTests;
			productName = PVMARKETTests;
			productReference = EE3F78C01CF2CB2700C30BBF /* PVMARKETTests.xctest */;
			productType = "com.apple.product-type.bundle.unit-test";
		};
/* End PBXNativeTarget section */

/* Begin PBXProject section */
		EE3F78A11CF2CB2700C30BBF /* Project object */ = {
			isa = PBXProject;
			attributes = {
				LastSwiftUpdateCheck = 0730;
				LastUpgradeCheck = 0730;
				ORGANIZATIONNAME = openopen;
				TargetAttributes = {
					EE3F78A81CF2CB2700C30BBF = {
						CreatedOnToolsVersion = 6.2;
						DevelopmentTeam = 6YZ394PLD2;
					};
					EE3F78BF1CF2CB2700C30BBF = {
						CreatedOnToolsVersion = 6.2;
						TestTargetID = EE3F78A81CF2CB2700C30BBF;
					};
				};
			};
			buildConfigurationList = EE3F78A41CF2CB2700C30BBF /* Build configuration list for PBXProject "PVMARKET" */;
			compatibilityVersion = "Xcode 3.2";
			developmentRegion = English;
			hasScannedForEncodings = 0;
			knownRegions = (
				en,
				Base,
			);
			mainGroup = EE3F78A01CF2CB2700C30BBF;
			productRefGroup = EE3F78AA1CF2CB2700C30BBF /* Products */;
			projectDirPath = "";
			projectRoot = "";
			targets = (
				EE3F78A81CF2CB2700C30BBF /* PVMARKET */,
				EE3F78BF1CF2CB2700C30BBF /* PVMARKETTests */,
			);
		};
/* End PBXProject section */

/* Begin PBXResourcesBuildPhase section */
		EE3F78A71CF2CB2700C30BBF /* Resources */ = {
			isa = PBXResourcesBuildPhase;
			buildActionMask = 2147483647;
			files = (
				EEB6CF661CF5A287004E0A3A /* Main.storyboard in Resources */,
				EE3F78BB1CF2CB2700C30BBF /* LaunchScreen.xib in Resources */,
				EE3F78B81CF2CB2700C30BBF /* Images.xcassets in Resources */,
			);
			runOnlyForDeploymentPostprocessing = 0;
		};
		EE3F78BE1CF2CB2700C30BBF /* Resources */ = {
			isa = PBXResourcesBuildPhase;
			buildActionMask = 2147483647;
			files = (
			);
			runOnlyForDeploymentPostprocessing = 0;
		};
/* End PBXResourcesBuildPhase section */

/* Begin PBXShellScriptBuildPhase section */
		596F130A286A1A6BCD3292F9 /* [CP] Copy Pods Resources */ = {
			isa = PBXShellScriptBuildPhase;
			buildActionMask = 2147483647;
			files = (
			);
			inputPaths = (
			);
			name = "[CP] Copy Pods Resources";
			outputPaths = (
			);
			runOnlyForDeploymentPostprocessing = 0;
			shellPath = /bin/sh;
			shellScript = "\"${SRCROOT}/Pods/Target Support Files/Pods-PVMARKET/Pods-PVMARKET-resources.sh\"\n";
			showEnvVarsInLog = 0;
		};
		675387C44996B05C72FD31D5 /* [CP] Embed Pods Frameworks */ = {
			isa = PBXShellScriptBuildPhase;
			buildActionMask = 2147483647;
			files = (
			);
			inputPaths = (
			);
			name = "[CP] Embed Pods Frameworks";
			outputPaths = (
			);
			runOnlyForDeploymentPostprocessing = 0;
			shellPath = /bin/sh;
			shellScript = "\"${SRCROOT}/Pods/Target Support Files/Pods-PVMARKET/Pods-PVMARKET-frameworks.sh\"\n";
			showEnvVarsInLog = 0;
		};
		6DADE359E1A4D344D935C351 /* [CP] Check Pods Manifest.lock */ = {
			isa = PBXShellScriptBuildPhase;
			buildActionMask = 2147483647;
			files = (
			);
			inputPaths = (
			);
			name = "[CP] Check Pods Manifest.lock";
			outputPaths = (
			);
			runOnlyForDeploymentPostprocessing = 0;
			shellPath = /bin/sh;
			shellScript = "diff \"${PODS_ROOT}/../Podfile.lock\" \"${PODS_ROOT}/Manifest.lock\" > /dev/null\nif [[ $? != 0 ]] ; then\n    cat << EOM\nerror: The sandbox is not in sync with the Podfile.lock. Run 'pod install' or update your CocoaPods installation.\nEOM\n    exit 1\nfi\n";
			showEnvVarsInLog = 0;
		};
/* End PBXShellScriptBuildPhase section */

/* Begin PBXSourcesBuildPhase section */
		EE3F78A51CF2CB2700C30BBF /* Sources */ = {
			isa = PBXSourcesBuildPhase;
			buildActionMask = 2147483647;
			files = (
				EE3F78B31CF2CB2700C30BBF /* SecondViewController.swift in Sources */,
				EEB6CF631CF59927004E0A3A /* RentTableDetailViewController.swift in Sources */,
				99A2372E1D0E825400EA8D9D /* SaleTableCellTableViewCell.swift in Sources */,
				EEB6CF611CF5926A004E0A3A /* RentData.swift in Sources */,
				990FF4E11D10DBD600FA4772 /* saleWebViewController.swift in Sources */,
				EE708D741CF2F77E000EFC87 /* CalcViewController.swift in Sources */,
				EE3F78AF1CF2CB2700C30BBF /* AppDelegate.swift in Sources */,
				EE95DCDC1CF2E408007B386F /* HomeViewController.swift in Sources */,
				99BAE8B81D0F985E005E1CCD /* ConvertFunctions.swift in Sources */,
				99B8916B1D0E7A0600965F39 /* DataURL.swift in Sources */,
				99A237301D0E82A100EA8D9D /* SaleTableDetailViewController.swift in Sources */,
				EE708D701CF2F75E000EFC87 /* SaleViewController.swift in Sources */,
				EE708D721CF2F774000EFC87 /* SelfViewController.swift in Sources */,
				EE6C82B51CF3D90700D505B5 /* RentTableCellTableViewCell.swift in Sources */,
				EE708D6E1CF2F751000EFC87 /* RentViewController.swift in Sources */,
			);
			runOnlyForDeploymentPostprocessing = 0;
		};
		EE3F78BC1CF2CB2700C30BBF /* Sources */ = {
			isa = PBXSourcesBuildPhase;
			buildActionMask = 2147483647;
			files = (
				EE3F78C71CF2CB2700C30BBF /* PVMARKETTests.swift in Sources */,
			);
			runOnlyForDeploymentPostprocessing = 0;
		};
/* End PBXSourcesBuildPhase section */

/* Begin PBXTargetDependency section */
		EE3F78C21CF2CB2700C30BBF /* PBXTargetDependency */ = {
			isa = PBXTargetDependency;
			target = EE3F78A81CF2CB2700C30BBF /* PVMARKET */;
			targetProxy = EE3F78C11CF2CB2700C30BBF /* PBXContainerItemProxy */;
		};
/* End PBXTargetDependency section */

/* Begin PBXVariantGroup section */
		EE3F78B91CF2CB2700C30BBF /* LaunchScreen.xib */ = {
			isa = PBXVariantGroup;
			children = (
				EE3F78BA1CF2CB2700C30BBF /* Base */,
			);
			name = LaunchScreen.xib;
			sourceTree = "<group>";
		};
		EEB6CF641CF5A287004E0A3A /* Main.storyboard */ = {
			isa = PBXVariantGroup;
			children = (
				EEB6CF651CF5A287004E0A3A /* Base */,
			);
			name = Main.storyboard;
			sourceTree = "<group>";
		};
/* End PBXVariantGroup section */

/* Begin XCBuildConfiguration section */
		EE3F78C81CF2CB2700C30BBF /* Debug */ = {
			isa = XCBuildConfiguration;
			buildSettings = {
				ALWAYS_SEARCH_USER_PATHS = NO;
				CLANG_CXX_LANGUAGE_STANDARD = "gnu++0x";
				CLANG_CXX_LIBRARY = "libc++";
				CLANG_ENABLE_MODULES = YES;
				CLANG_ENABLE_OBJC_ARC = YES;
				CLANG_WARN_BOOL_CONVERSION = YES;
				CLANG_WARN_CONSTANT_CONVERSION = YES;
				CLANG_WARN_DIRECT_OBJC_ISA_USAGE = YES_ERROR;
				CLANG_WARN_EMPTY_BODY = YES;
				CLANG_WARN_ENUM_CONVERSION = YES;
				CLANG_WARN_INT_CONVERSION = YES;
				CLANG_WARN_OBJC_ROOT_CLASS = YES_ERROR;
				CLANG_WARN_UNREACHABLE_CODE = YES;
				CLANG_WARN__DUPLICATE_METHOD_MATCH = YES;
				"CODE_SIGN_IDENTITY[sdk=iphoneos*]" = "iPhone Developer";
				COPY_PHASE_STRIP = NO;
				ENABLE_STRICT_OBJC_MSGSEND = YES;
				ENABLE_TESTABILITY = YES;
				GCC_C_LANGUAGE_STANDARD = gnu99;
				GCC_DYNAMIC_NO_PIC = NO;
				GCC_OPTIMIZATION_LEVEL = 0;
				GCC_PREPROCESSOR_DEFINITIONS = (
					"DEBUG=1",
					"$(inherited)",
				);
				GCC_SYMBOLS_PRIVATE_EXTERN = NO;
				GCC_WARN_64_TO_32_BIT_CONVERSION = YES;
				GCC_WARN_ABOUT_RETURN_TYPE = YES_ERROR;
				GCC_WARN_UNDECLARED_SELECTOR = YES;
				GCC_WARN_UNINITIALIZED_AUTOS = YES_AGGRESSIVE;
				GCC_WARN_UNUSED_FUNCTION = YES;
				GCC_WARN_UNUSED_VARIABLE = YES;
				IPHONEOS_DEPLOYMENT_TARGET = 8.2;
				MTL_ENABLE_DEBUG_INFO = YES;
				ONLY_ACTIVE_ARCH = YES;
				SDKROOT = iphoneos;
				SWIFT_OPTIMIZATION_LEVEL = "-Onone";
				TARGETED_DEVICE_FAMILY = "1,2";
			};
			name = Debug;
		};
		EE3F78C91CF2CB2700C30BBF /* Release */ = {
			isa = XCBuildConfiguration;
			buildSettings = {
				ALWAYS_SEARCH_USER_PATHS = NO;
				CLANG_CXX_LANGUAGE_STANDARD = "gnu++0x";
				CLANG_CXX_LIBRARY = "libc++";
				CLANG_ENABLE_MODULES = YES;
				CLANG_ENABLE_OBJC_ARC = YES;
				CLANG_WARN_BOOL_CONVERSION = YES;
				CLANG_WARN_CONSTANT_CONVERSION = YES;
				CLANG_WARN_DIRECT_OBJC_ISA_USAGE = YES_ERROR;
				CLANG_WARN_EMPTY_BODY = YES;
				CLANG_WARN_ENUM_CONVERSION = YES;
				CLANG_WARN_INT_CONVERSION = YES;
				CLANG_WARN_OBJC_ROOT_CLASS = YES_ERROR;
				CLANG_WARN_UNREACHABLE_CODE = YES;
				CLANG_WARN__DUPLICATE_METHOD_MATCH = YES;
				"CODE_SIGN_IDENTITY[sdk=iphoneos*]" = "iPhone Developer";
				COPY_PHASE_STRIP = NO;
				ENABLE_NS_ASSERTIONS = NO;
				ENABLE_STRICT_OBJC_MSGSEND = YES;
				GCC_C_LANGUAGE_STANDARD = gnu99;
				GCC_WARN_64_TO_32_BIT_CONVERSION = YES;
				GCC_WARN_ABOUT_RETURN_TYPE = YES_ERROR;
				GCC_WARN_UNDECLARED_SELECTOR = YES;
				GCC_WARN_UNINITIALIZED_AUTOS = YES_AGGRESSIVE;
				GCC_WARN_UNUSED_FUNCTION = YES;
				GCC_WARN_UNUSED_VARIABLE = YES;
				IPHONEOS_DEPLOYMENT_TARGET = 8.2;
				MTL_ENABLE_DEBUG_INFO = NO;
				SDKROOT = iphoneos;
				TARGETED_DEVICE_FAMILY = "1,2";
				VALIDATE_PRODUCT = YES;
			};
			name = Release;
		};
		EE3F78CB1CF2CB2700C30BBF /* Debug */ = {
			isa = XCBuildConfiguration;
			baseConfigurationReference = B439842EA9C1FD3FC431DF21 /* Pods-PVMARKET.debug.xcconfig */;
			buildSettings = {
				ASSETCATALOG_COMPILER_APPICON_NAME = AppIcon;
				CODE_SIGN_IDENTITY = "iPhone Developer";
				"CODE_SIGN_IDENTITY[sdk=iphoneos*]" = "iPhone Developer";
				INFOPLIST_FILE = PVMARKET/Info.plist;
				LD_RUNPATH_SEARCH_PATHS = "$(inherited) @executable_path/Frameworks";
				PRODUCT_BUNDLE_IDENTIFIER = "openopen.$(PRODUCT_NAME:rfc1034identifier)";
				PRODUCT_NAME = "$(TARGET_NAME)";
				PROVISIONING_PROFILE = "";
				TARGETED_DEVICE_FAMILY = "1,2";
			};
			name = Debug;
		};
		EE3F78CC1CF2CB2700C30BBF /* Release */ = {
			isa = XCBuildConfiguration;
			baseConfigurationReference = BB85FBBAEEF9C75B256ECC51 /* Pods-PVMARKET.release.xcconfig */;
			buildSettings = {
				ASSETCATALOG_COMPILER_APPICON_NAME = AppIcon;
				CODE_SIGN_IDENTITY = "iPhone Developer";
				"CODE_SIGN_IDENTITY[sdk=iphoneos*]" = "iPhone Developer";
				INFOPLIST_FILE = PVMARKET/Info.plist;
				LD_RUNPATH_SEARCH_PATHS = "$(inherited) @executable_path/Frameworks";
				PRODUCT_BUNDLE_IDENTIFIER = "openopen.$(PRODUCT_NAME:rfc1034identifier)";
				PRODUCT_NAME = "$(TARGET_NAME)";
				PROVISIONING_PROFILE = "";
				TARGETED_DEVICE_FAMILY = "1,2";
			};
			name = Release;
		};
		EE3F78CE1CF2CB2700C30BBF /* Debug */ = {
			isa = XCBuildConfiguration;
			buildSettings = {
				BUNDLE_LOADER = "$(TEST_HOST)";
				FRAMEWORK_SEARCH_PATHS = (
					"$(SDKROOT)/Developer/Library/Frameworks",
					"$(inherited)",
				);
				GCC_PREPROCESSOR_DEFINITIONS = (
					"DEBUG=1",
					"$(inherited)",
				);
				INFOPLIST_FILE = PVMARKETTests/Info.plist;
				LD_RUNPATH_SEARCH_PATHS = "$(inherited) @executable_path/Frameworks @loader_path/Frameworks";
				PRODUCT_BUNDLE_IDENTIFIER = "openopen.$(PRODUCT_NAME:rfc1034identifier)";
				PRODUCT_NAME = "$(TARGET_NAME)";
				TEST_HOST = "$(BUILT_PRODUCTS_DIR)/PVMARKET.app/PVMARKET";
			};
			name = Debug;
		};
		EE3F78CF1CF2CB2700C30BBF /* Release */ = {
			isa = XCBuildConfiguration;
			buildSettings = {
				BUNDLE_LOADER = "$(TEST_HOST)";
				FRAMEWORK_SEARCH_PATHS = (
					"$(SDKROOT)/Developer/Library/Frameworks",
					"$(inherited)",
				);
				INFOPLIST_FILE = PVMARKETTests/Info.plist;
				LD_RUNPATH_SEARCH_PATHS = "$(inherited) @executable_path/Frameworks @loader_path/Frameworks";
				PRODUCT_BUNDLE_IDENTIFIER = "openopen.$(PRODUCT_NAME:rfc1034identifier)";
				PRODUCT_NAME = "$(TARGET_NAME)";
				TEST_HOST = "$(BUILT_PRODUCTS_DIR)/PVMARKET.app/PVMARKET";
			};
			name = Release;
		};
/* End XCBuildConfiguration section */

/* Begin XCConfigurationList section */
		EE3F78A41CF2CB2700C30BBF /* Build configuration list for PBXProject "PVMARKET" */ = {
			isa = XCConfigurationList;
			buildConfigurations = (
				EE3F78C81CF2CB2700C30BBF /* Debug */,
				EE3F78C91CF2CB2700C30BBF /* Release */,
			);
			defaultConfigurationIsVisible = 0;
			defaultConfigurationName = Release;
		};
		EE3F78CA1CF2CB2700C30BBF /* Build configuration list for PBXNativeTarget "PVMARKET" */ = {
			isa = XCConfigurationList;
			buildConfigurations = (
				EE3F78CB1CF2CB2700C30BBF /* Debug */,
				EE3F78CC1CF2CB2700C30BBF /* Release */,
			);
			defaultConfigurationIsVisible = 0;
			defaultConfigurationName = Release;
		};
		EE3F78CD1CF2CB2700C30BBF /* Build configuration list for PBXNativeTarget "PVMARKETTests" */ = {
			isa = XCConfigurationList;
			buildConfigurations = (
				EE3F78CE1CF2CB2700C30BBF /* Debug */,
				EE3F78CF1CF2CB2700C30BBF /* Release */,
			);
			defaultConfigurationIsVisible = 0;
			defaultConfigurationName = Release;
		};
/* End XCConfigurationList section */
	};
	rootObject = EE3F78A11CF2CB2700C30BBF /* Project object */;
}
